
Microsoft Visual Studio Solution File, Format Version 12.00
# Visual Studio 15
VisualStudioVersion = 15.0.28307.329
MinimumVisualStudioVersion = 10.0.40219.1
Project("{FAE04EC0-301F-11D3-BF4B-00C04F79EFBC}") = "Mapper", "Mapper\Mapper.csproj", "{395FD3B0-7541-42BE-ADE0-65DE13B77109}"
EndProject
Global
	GlobalSection(SolutionConfigurationPlatforms) = preSolution
		Debug|Any CPU = Debug|Any CPU
		Release|Any CPU = Release|Any CPU
	EndGlobalSection
	GlobalSection(ProjectConfigurationPlatforms) = postSolution
		{395FD3B0-7541-42BE-ADE0-65DE13B77109}.Debug|Any CPU.ActiveCfg = Debug|Any CPU
		{395FD3B0-7541-42BE-ADE0-65DE13B77109}.Debug|Any CPU.Build.0 = Debug|Any CPU
		{395FD3B0-7541-42BE-ADE0-65DE13B77109}.Release|Any CPU.ActiveCfg = Release|Any CPU
		{395FD3B0-7541-42BE-ADE0-65DE13B77109}.Release|Any CPU.Build.0 = Release|Any CPU
	EndGlobalSection
	GlobalSection(SolutionProperties) = preSolution
		HideSolutionNode = FALSE
	EndGlobalSection
	GlobalSection(ExtensibilityGlobals) = postSolution
		SolutionGuid = {AA71BCFF-5B2A-4207-9BDB-4230CA33E723}
	EndGlobalSection
EndGlobal
