
Microsoft Visual Studio Solution File, Format Version 12.00
# Visual Studio 15
VisualStudioVersion = 15.0.28307.329
MinimumVisualStudioVersion = 10.0.40219.1
Project("{FAE04EC0-301F-11D3-BF4B-00C04F79EFBC}") = "MessagingServer", "MessagingServer\MessagingServer.csproj", "{DEC35F00-9792-4EC1-820F-87D163A6FD02}"
EndProject
Project("{FAE04EC0-301F-11D3-BF4B-00C04F79EFBC}") = "MessagingClient", "MessagingClient\MessagingClient.csproj", "{027583C4-3240-43B1-A444-EB8FCFE945C7}"
EndProject
Project("{FAE04EC0-301F-11D3-BF4B-00C04F79EFBC}") = "Library", "Library\Library.csproj", "{55CB012B-BE0B-4884-86C9-9232E5A5C85B}"
EndProject
Global
	GlobalSection(SolutionConfigurationPlatforms) = preSolution
		Debug|Any CPU = Debug|Any CPU
		Release|Any CPU = Release|Any CPU
	EndGlobalSection
	GlobalSection(ProjectConfigurationPlatforms) = postSolution
		{DEC35F00-9792-4EC1-820F-87D163A6FD02}.Debug|Any CPU.ActiveCfg = Debug|Any CPU
		{DEC35F00-9792-4EC1-820F-87D163A6FD02}.Debug|Any CPU.Build.0 = Debug|Any CPU
		{DEC35F00-9792-4EC1-820F-87D163A6FD02}.Release|Any CPU.ActiveCfg = Release|Any CPU
		{DEC35F00-9792-4EC1-820F-87D163A6FD02}.Release|Any CPU.Build.0 = Release|Any CPU
		{027583C4-3240-43B1-A444-EB8FCFE945C7}.Debug|Any CPU.ActiveCfg = Debug|Any CPU
		{027583C4-3240-43B1-A444-EB8FCFE945C7}.Debug|Any CPU.Build.0 = Debug|Any CPU
		{027583C4-3240-43B1-A444-EB8FCFE945C7}.Release|Any CPU.ActiveCfg = Release|Any CPU
		{027583C4-3240-43B1-A444-EB8FCFE945C7}.Release|Any CPU.Build.0 = Release|Any CPU
		{55CB012B-BE0B-4884-86C9-9232E5A5C85B}.Debug|Any CPU.ActiveCfg = Debug|Any CPU
		{55CB012B-BE0B-4884-86C9-9232E5A5C85B}.Debug|Any CPU.Build.0 = Debug|Any CPU
		{55CB012B-BE0B-4884-86C9-9232E5A5C85B}.Release|Any CPU.ActiveCfg = Release|Any CPU
		{55CB012B-BE0B-4884-86C9-9232E5A5C85B}.Release|Any CPU.Build.0 = Release|Any CPU
	EndGlobalSection
	GlobalSection(SolutionProperties) = preSolution
		HideSolutionNode = FALSE
	EndGlobalSection
	GlobalSection(ExtensibilityGlobals) = postSolution
		SolutionGuid = {98C63106-E8ED-4A65-AB9B-F6060D794DBA}
	EndGlobalSection
EndGlobal
