
Microsoft Visual Studio Solution File, Format Version 12.00
# Visual Studio 15
VisualStudioVersion = 15.0.28307.329
MinimumVisualStudioVersion = 10.0.40219.1
Project("{FAE04EC0-301F-11D3-BF4B-00C04F79EFBC}") = "OnlineShop", "OnlineShop\OnlineShop.csproj", "{9EBEB088-65CE-4EEF-A483-255F166585CA}"
EndProject
Global
	GlobalSection(SolutionConfigurationPlatforms) = preSolution
		Debug|Any CPU = Debug|Any CPU
		Release|Any CPU = Release|Any CPU
	EndGlobalSection
	GlobalSection(ProjectConfigurationPlatforms) = postSolution
		{9EBEB088-65CE-4EEF-A483-255F166585CA}.Debug|Any CPU.ActiveCfg = Debug|Any CPU
		{9EBEB088-65CE-4EEF-A483-255F166585CA}.Debug|Any CPU.Build.0 = Debug|Any CPU
		{9EBEB088-65CE-4EEF-A483-255F166585CA}.Release|Any CPU.ActiveCfg = Release|Any CPU
		{9EBEB088-65CE-4EEF-A483-255F166585CA}.Release|Any CPU.Build.0 = Release|Any CPU
	EndGlobalSection
	GlobalSection(SolutionProperties) = preSolution
		HideSolutionNode = FALSE
	EndGlobalSection
	GlobalSection(ExtensibilityGlobals) = postSolution
		SolutionGuid = {E298C9CF-9261-46DF-AA07-B42205DE2132}
	EndGlobalSection
EndGlobal
