
Microsoft Visual Studio Solution File, Format Version 12.00
# Visual Studio 15
VisualStudioVersion = 15.0.28307.329
MinimumVisualStudioVersion = 10.0.40219.1
Project("{FAE04EC0-301F-11D3-BF4B-00C04F79EFBC}") = "HttpServer", "HttpServer\HttpServer.csproj", "{C188D587-4BEF-4FFD-9CF5-17A98B46D20C}"
EndProject
Project("{FAE04EC0-301F-11D3-BF4B-00C04F79EFBC}") = "HttpClient", "HttpClient\HttpClient.csproj", "{E473C7CE-9BB9-4AD3-9D47-1D7BB37029C5}"
EndProject
Project("{FAE04EC0-301F-11D3-BF4B-00C04F79EFBC}") = "Library", "Library\Library.csproj", "{0FCFC543-9606-4F65-80E6-55CA7E04F350}"
EndProject
Global
	GlobalSection(SolutionConfigurationPlatforms) = preSolution
		Debug|Any CPU = Debug|Any CPU
		Release|Any CPU = Release|Any CPU
	EndGlobalSection
	GlobalSection(ProjectConfigurationPlatforms) = postSolution
		{C188D587-4BEF-4FFD-9CF5-17A98B46D20C}.Debug|Any CPU.ActiveCfg = Debug|Any CPU
		{C188D587-4BEF-4FFD-9CF5-17A98B46D20C}.Debug|Any CPU.Build.0 = Debug|Any CPU
		{C188D587-4BEF-4FFD-9CF5-17A98B46D20C}.Release|Any CPU.ActiveCfg = Release|Any CPU
		{C188D587-4BEF-4FFD-9CF5-17A98B46D20C}.Release|Any CPU.Build.0 = Release|Any CPU
		{E473C7CE-9BB9-4AD3-9D47-1D7BB37029C5}.Debug|Any CPU.ActiveCfg = Debug|Any CPU
		{E473C7CE-9BB9-4AD3-9D47-1D7BB37029C5}.Debug|Any CPU.Build.0 = Debug|Any CPU
		{E473C7CE-9BB9-4AD3-9D47-1D7BB37029C5}.Release|Any CPU.ActiveCfg = Release|Any CPU
		{E473C7CE-9BB9-4AD3-9D47-1D7BB37029C5}.Release|Any CPU.Build.0 = Release|Any CPU
		{0FCFC543-9606-4F65-80E6-55CA7E04F350}.Debug|Any CPU.ActiveCfg = Debug|Any CPU
		{0FCFC543-9606-4F65-80E6-55CA7E04F350}.Debug|Any CPU.Build.0 = Debug|Any CPU
		{0FCFC543-9606-4F65-80E6-55CA7E04F350}.Release|Any CPU.ActiveCfg = Release|Any CPU
		{0FCFC543-9606-4F65-80E6-55CA7E04F350}.Release|Any CPU.Build.0 = Release|Any CPU
	EndGlobalSection
	GlobalSection(SolutionProperties) = preSolution
		HideSolutionNode = FALSE
	EndGlobalSection
	GlobalSection(ExtensibilityGlobals) = postSolution
		SolutionGuid = {C5A7ED51-4F8B-4618-9D5A-F954060EA62E}
	EndGlobalSection
EndGlobal
