
Microsoft Visual Studio Solution File, Format Version 12.00
# Visual Studio 15
VisualStudioVersion = 15.0.27428.2005
MinimumVisualStudioVersion = 10.0.40219.1
Project("{FAE04EC0-301F-11D3-BF4B-00C04F79EFBC}") = "ServiceHost", "ServiceHost\ServiceHost.csproj", "{145EBDF2-F616-4A8A-923D-62B54ACDB758}"
EndProject
Project("{FAE04EC0-301F-11D3-BF4B-00C04F79EFBC}") = "PdfPackage", "PdfPackage\PdfPackage.csproj", "{865A362C-4BCC-41D1-A513-1E9E58ACEEBA}"
EndProject
Global
	GlobalSection(SolutionConfigurationPlatforms) = preSolution
		Debug|Any CPU = Debug|Any CPU
		Release|Any CPU = Release|Any CPU
	EndGlobalSection
	GlobalSection(ProjectConfigurationPlatforms) = postSolution
		{145EBDF2-F616-4A8A-923D-62B54ACDB758}.Debug|Any CPU.ActiveCfg = Debug|Any CPU
		{145EBDF2-F616-4A8A-923D-62B54ACDB758}.Debug|Any CPU.Build.0 = Debug|Any CPU
		{145EBDF2-F616-4A8A-923D-62B54ACDB758}.Release|Any CPU.ActiveCfg = Release|Any CPU
		{145EBDF2-F616-4A8A-923D-62B54ACDB758}.Release|Any CPU.Build.0 = Release|Any CPU
		{865A362C-4BCC-41D1-A513-1E9E58ACEEBA}.Debug|Any CPU.ActiveCfg = Debug|Any CPU
		{865A362C-4BCC-41D1-A513-1E9E58ACEEBA}.Debug|Any CPU.Build.0 = Debug|Any CPU
		{865A362C-4BCC-41D1-A513-1E9E58ACEEBA}.Release|Any CPU.ActiveCfg = Release|Any CPU
		{865A362C-4BCC-41D1-A513-1E9E58ACEEBA}.Release|Any CPU.Build.0 = Release|Any CPU
	EndGlobalSection
	GlobalSection(SolutionProperties) = preSolution
		HideSolutionNode = FALSE
	EndGlobalSection
	GlobalSection(ExtensibilityGlobals) = postSolution
		SolutionGuid = {9FB4B3E7-9455-48AB-BCB9-2B8C8DAAE294}
	EndGlobalSection
EndGlobal
